// !$*UTF8*$!
{
	archiveVersion = 1;
	classes = {
	};
	objectVersion = 56;
	objects = {

/* Begin PBXBuildFile section */
		FB00000000000000000001 /* SSDMonitorApp.swift in Sources */ = {isa = PBXBuildFile; fileRef = FA00000000000000000001 /* SSDMonitorApp.swift */; };
		FB00000000000000000002 /* AppDelegate.swift in Sources */ = {isa = PBXBuildFile; fileRef = FA00000000000000000002 /* AppDelegate.swift */; };
		FB00000000000000000003 /* MonitorService.swift in Sources */ = {isa = PBXBuildFile; fileRef = FA00000000000000000003 /* MonitorService.swift */; };
		FB00000000000000000004 /* DiskIOReader.swift in Sources */ = {isa = PBXBuildFile; fileRef = FA00000000000000000004 /* DiskIOReader.swift */; };
		FB00000000000000000005 /* UserSettings.swift in Sources */ = {isa = PBXBuildFile; fileRef = FA00000000000000000005 /* UserSettings.swift */; };
		FB00000000000000000007 /* SMCTemperatureReader.swift in Sources */ = {isa = PBXBuildFile; fileRef = FA00000000000000000007 /* SMCTemperatureReader.swift */; };
		FB00000000000000000015 /* TemperatureReader.swift in Sources */ = {isa = PBXBuildFile; fileRef = FA00000000000000000015 /* TemperatureReader.swift */; };
		FB00000000000000000016 /* HIDTemperatureReader.swift in Sources */ = {isa = PBXBuildFile; fileRef = FA00000000000000000016 /* HIDTemperatureReader.swift */; };
		FB00000000000000000009 /* SSDStats.swift in Sources */ = {isa = PBXBuildFile; fileRef = FA00000000000000000009 /* SSDStats.swift */; };
		FB0000000000000000000A /* StatusBarController.swift in Sources */ = {isa = PBXBuildFile; fileRef = FA0000000000000000000A /* StatusBarController.swift */; };
		FB0000000000000000000B /* PopoverContentView.swift in Sources */ = {isa = PBXBuildFile; fileRef = FA0000000000000000000B /* PopoverContentView.swift */; };
		FB0000000000000000000C /* TemperatureGaugeView.swift in Sources */ = {isa = PBXBuildFile; fileRef = FA0000000000000000000C /* TemperatureGaugeView.swift */; };
		FB0000000000000000000D /* SpeedRowView.swift in Sources */ = {isa = PBXBuildFile; fileRef = FA0000000000000000000D /* SpeedRowView.swift */; };
		FB0000000000000000000E /* SettingsMenuView.swift in Sources */ = {isa = PBXBuildFile; fileRef = FA0000000000000000000E /* SettingsMenuView.swift */; };
		FB0000000000000000000F /* Assets.xcassets in Resources */ = {isa = PBXBuildFile; fileRef = FA0000000000000000000F /* Assets.xcassets */; };
		FB00000000000000000013 /* IOKit.framework in Frameworks */ = {isa = PBXBuildFile; fileRef = FA00000000000000000013 /* IOKit.framework */; };
/* End PBXBuildFile section */

/* Begin PBXFileReference section */
		FA00000000000000000001 /* SSDMonitorApp.swift */ = {isa = PBXFileReference; lastKnownFileType = sourcecode.swift; path = SSDMonitorApp.swift; sourceTree = "<group>"; };
		FA00000000000000000002 /* AppDelegate.swift */ = {isa = PBXFileReference; lastKnownFileType = sourcecode.swift; path = AppDelegate.swift; sourceTree = "<group>"; };
		FA00000000000000000003 /* MonitorService.swift */ = {isa = PBXFileReference; lastKnownFileType = sourcecode.swift; path = MonitorService.swift; sourceTree = "<group>"; };
		FA00000000000000000004 /* DiskIOReader.swift */ = {isa = PBXFileReference; lastKnownFileType = sourcecode.swift; path = DiskIOReader.swift; sourceTree = "<group>"; };
		FA00000000000000000005 /* UserSettings.swift */ = {isa = PBXFileReference; lastKnownFileType = sourcecode.swift; path = UserSettings.swift; sourceTree = "<group>"; };
		FA00000000000000000007 /* SMCTemperatureReader.swift */ = {isa = PBXFileReference; lastKnownFileType = sourcecode.swift; path = SMCTemperatureReader.swift; sourceTree = "<group>"; };
		FA00000000000000000008 /* SMCBridge.h */ = {isa = PBXFileReference; lastKnownFileType = sourcecode.c.h; path = SMCBridge.h; sourceTree = "<group>"; };
		FA00000000000000000015 /* TemperatureReader.swift */ = {isa = PBXFileReference; lastKnownFileType = sourcecode.swift; path = TemperatureReader.swift; sourceTree = "<group>"; };
		FA00000000000000000016 /* HIDTemperatureReader.swift */ = {isa = PBXFileReference; lastKnownFileType = sourcecode.swift; path = HIDTemperatureReader.swift; sourceTree = "<group>"; };
		FA00000000000000000009 /* SSDStats.swift */ = {isa = PBXFileReference; lastKnownFileType = sourcecode.swift; path = SSDStats.swift; sourceTree = "<group>"; };
		FA0000000000000000000A /* StatusBarController.swift */ = {isa = PBXFileReference; lastKnownFileType = sourcecode.swift; path = StatusBarController.swift; sourceTree = "<group>"; };
		FA0000000000000000000B /* PopoverContentView.swift */ = {isa = PBXFileReference; lastKnownFileType = sourcecode.swift; path = PopoverContentView.swift; sourceTree = "<group>"; };
		FA0000000000000000000C /* TemperatureGaugeView.swift */ = {isa = PBXFileReference; lastKnownFileType = sourcecode.swift; path = TemperatureGaugeView.swift; sourceTree = "<group>"; };
		FA0000000000000000000D /* SpeedRowView.swift */ = {isa = PBXFileReference; lastKnownFileType = sourcecode.swift; path = SpeedRowView.swift; sourceTree = "<group>"; };
		FA0000000000000000000E /* SettingsMenuView.swift */ = {isa = PBXFileReference; lastKnownFileType = sourcecode.swift; path = SettingsMenuView.swift; sourceTree = "<group>"; };
		FA0000000000000000000F /* Assets.xcassets */ = {isa = PBXFileReference; lastKnownFileType = folder.assetcatalog; path = Assets.xcassets; sourceTree = "<group>"; };
		FA00000000000000000010 /* SSDMonitor.entitlements */ = {isa = PBXFileReference; lastKnownFileType = text.plist.entitlements; path = SSDMonitor.entitlements; sourceTree = "<group>"; };
		FA00000000000000000011 /* SSDMonitor-Bridging-Header.h */ = {isa = PBXFileReference; lastKnownFileType = sourcecode.c.h; path = "SSDMonitor-Bridging-Header.h"; sourceTree = "<group>"; };
		FA00000000000000000012 /* SSDMonitor.app */ = {isa = PBXFileReference; explicitFileType = wrapper.application; includeInIndex = 0; path = SSDMonitor.app; sourceTree = BUILT_PRODUCTS_DIR; };
		FA00000000000000000013 /* IOKit.framework */ = {isa = PBXFileReference; lastKnownFileType = wrapper.framework; name = IOKit.framework; path = System/Library/Frameworks/IOKit.framework; sourceTree = SDKROOT; };
		FA00000000000000000014 /* Info.plist */ = {isa = PBXFileReference; lastKnownFileType = text.plist.xml; path = Info.plist; sourceTree = "<group>"; };
/* End PBXFileReference section */

/* Begin PBXFrameworksBuildPhase section */
		FD00000000000000000002 /* Frameworks */ = {
			isa = PBXFrameworksBuildPhase;
			buildActionMask = 2147483647;
			files = (
				FB00000000000000000013 /* IOKit.framework in Frameworks */,
			);
			runOnlyForDeploymentPostprocessing = 0;
		};
/* End PBXFrameworksBuildPhase section */

/* Begin PBXGroup section */
		FC00000000000000000001 /* Products */ = {
			isa = PBXGroup;
			children = (
				FA00000000000000000012 /* SSDMonitor.app */,
			);
			name = Products;
			sourceTree = "<group>";
		};
		FC00000000000000000002 /* SSDMonitor */ = {
			isa = PBXGroup;
			children = (
				FC00000000000000000003 /* App */,
				FC00000000000000000004 /* Core */,
				FC00000000000000000005 /* Sensors */,
				FC00000000000000000006 /* Models */,
				FC00000000000000000007 /* UI */,
				FC00000000000000000008 /* Resources */,
				FC00000000000000000009 /* Frameworks */,
				FA00000000000000000010 /* SSDMonitor.entitlements */,
				FA00000000000000000011 /* SSDMonitor-Bridging-Header.h */,
				FA00000000000000000014 /* Info.plist */,
			);
			path = SSDMonitor;
			sourceTree = "<group>";
		};
		FC00000000000000000003 /* App */ = {
			isa = PBXGroup;
			children = (
				FA00000000000000000001 /* SSDMonitorApp.swift */,
				FA00000000000000000002 /* AppDelegate.swift */,
			);
			path = App;
			sourceTree = "<group>";
		};
		FC00000000000000000004 /* Core */ = {
			isa = PBXGroup;
			children = (
				FA00000000000000000003 /* MonitorService.swift */,
				FA00000000000000000004 /* DiskIOReader.swift */,
				FA00000000000000000005 /* UserSettings.swift */,
			);
			path = Core;
			sourceTree = "<group>";
		};
		FC00000000000000000005 /* Sensors */ = {
			isa = PBXGroup;
			children = (
				FA00000000000000000015 /* TemperatureReader.swift */,
				FA00000000000000000007 /* SMCTemperatureReader.swift */,
				FA00000000000000000016 /* HIDTemperatureReader.swift */,
				FA00000000000000000008 /* SMCBridge.h */,
			);
			path = Sensors;
			sourceTree = "<group>";
		};
		FC00000000000000000006 /* Models */ = {
			isa = PBXGroup;
			children = (
				FA00000000000000000009 /* SSDStats.swift */,
			);
			path = Models;
			sourceTree = "<group>";
		};
		FC00000000000000000007 /* UI */ = {
			isa = PBXGroup;
			children = (
				FA0000000000000000000A /* StatusBarController.swift */,
				FA0000000000000000000B /* PopoverContentView.swift */,
				FA0000000000000000000C /* TemperatureGaugeView.swift */,
				FA0000000000000000000D /* SpeedRowView.swift */,
				FA0000000000000000000E /* SettingsMenuView.swift */,
			);
			path = UI;
			sourceTree = "<group>";
		};
		FC00000000000000000008 /* Resources */ = {
			isa = PBXGroup;
			children = (
				FA0000000000000000000F /* Assets.xcassets */,
			);
			path = Resources;
			sourceTree = "<group>";
		};
		FC00000000000000000009 /* Frameworks */ = {
			isa = PBXGroup;
			children = (
				FA00000000000000000013 /* IOKit.framework */,
			);
			name = Frameworks;
			sourceTree = "<group>";
		};
		ABCDEF0000000000000001 /* root */ = {
			isa = PBXGroup;
			children = (
				FC00000000000000000002 /* SSDMonitor */,
				FC00000000000000000001 /* Products */,
			);
			sourceTree = "<group>";
		};
/* End PBXGroup section */

/* Begin PBXNativeTarget section */
		AA00000000000000000001 /* SSDMonitor */ = {
			isa = PBXNativeTarget;
			buildConfigurationList = FF00000000000000000002 /* Build configuration list for PBXNativeTarget "SSDMonitor" */;
			buildPhases = (
				FD00000000000000000001 /* Sources */,
				FD00000000000000000002 /* Frameworks */,
				FD00000000000000000003 /* Resources */,
			);
			buildRules = (
			);
			dependencies = (
			);
			name = SSDMonitor;
			productName = SSDMonitor;
			productReference = FA00000000000000000012 /* SSDMonitor.app */;
			productType = "com.apple.product-type.application";
		};
/* End PBXNativeTarget section */

/* Begin PBXProject section */
		AB00000000000000000001 /* Project object */ = {
			isa = PBXProject;
			attributes = {
				BuildIndependentTargetsInParallel = 1;
				LastSwiftUpdateCheck = 1500;
				LastUpgradeCheck = 1500;
				TargetAttributes = {
					AA00000000000000000001 = {
						CreatedOnToolsVersion = 15.0;
					};
				};
			};
			buildConfigurationList = FF00000000000000000001 /* Build configuration list for PBXProject "SSDMonitor" */;
			compatibilityVersion = "Xcode 14.0";
			developmentRegion = en;
			hasScannedForEncodings = 0;
			knownRegions = (
				en,
				Base,
			);
			mainGroup = ABCDEF0000000000000001;
			productRefGroup = FC00000000000000000001 /* Products */;
			projectDirPath = "";
			projectRoot = "";
			targets = (
				AA00000000000000000001 /* SSDMonitor */,
			);
		};
/* End PBXProject section */

/* Begin PBXResourcesBuildPhase section */
		FD00000000000000000003 /* Resources */ = {
			isa = PBXResourcesBuildPhase;
			buildActionMask = 2147483647;
			files = (
				FB0000000000000000000F /* Assets.xcassets in Resources */,
			);
			runOnlyForDeploymentPostprocessing = 0;
		};
/* End PBXResourcesBuildPhase section */

/* Begin PBXSourcesBuildPhase section */
		FD00000000000000000001 /* Sources */ = {
			isa = PBXSourcesBuildPhase;
			buildActionMask = 2147483647;
			files = (
				FB00000000000000000001 /* SSDMonitorApp.swift in Sources */,
				FB00000000000000000002 /* AppDelegate.swift in Sources */,
				FB00000000000000000003 /* MonitorService.swift in Sources */,
				FB00000000000000000004 /* DiskIOReader.swift in Sources */,
				FB00000000000000000005 /* UserSettings.swift in Sources */,
				FB00000000000000000015 /* TemperatureReader.swift in Sources */,
				FB00000000000000000007 /* SMCTemperatureReader.swift in Sources */,
				FB00000000000000000016 /* HIDTemperatureReader.swift in Sources */,
				FB00000000000000000009 /* SSDStats.swift in Sources */,
				FB0000000000000000000A /* StatusBarController.swift in Sources */,
				FB0000000000000000000B /* PopoverContentView.swift in Sources */,
				FB0000000000000000000C /* TemperatureGaugeView.swift in Sources */,
				FB0000000000000000000D /* SpeedRowView.swift in Sources */,
				FB0000000000000000000E /* SettingsMenuView.swift in Sources */,
			);
			runOnlyForDeploymentPostprocessing = 0;
		};
/* End PBXSourcesBuildPhase section */

/* Begin XCBuildConfiguration section */
		FE00000000000000000001 /* Debug */ = {
			isa = XCBuildConfiguration;
			buildSettings = {
				ALWAYS_SEARCH_USER_PATHS = NO;
				ASSETCATALOG_COMPILER_GENERATE_SWIFT_ASSET_SYMBOL_EXTENSIONS = YES;
				CLANG_ANALYZER_NONNULL = YES;
				CLANG_ANALYZER_NUMBER_OBJECT_CONVERSION = YES_AGGRESSIVE;
				CLANG_CXX_LANGUAGE_STANDARD = "gnu++20";
				CLANG_ENABLE_MODULES = YES;
				CLANG_ENABLE_OBJC_ARC = YES;
				CLANG_ENABLE_OBJC_WEAK = YES;
				CLANG_WARN_BLOCK_CAPTURE_AUTORELEASING = YES;
				CLANG_WARN_BOOL_CONVERSION = YES;
				CLANG_WARN_COMMA = YES;
				CLANG_WARN_CONSTANT_CONVERSION = YES;
				CLANG_WARN_DEPRECATED_OBJC_IMPLEMENTATIONS = YES;
				CLANG_WARN_DIRECT_OBJC_ISA_USAGE = YES_ERROR;
				CLANG_WARN_DOCUMENTATION_COMMENTS = YES;
				CLANG_WARN_EMPTY_BODY = YES;
				CLANG_WARN_ENUM_CONVERSION = YES;
				CLANG_WARN_INFINITE_RECURSION = YES;
				CLANG_WARN_INT_CONVERSION = YES;
				CLANG_WARN_NON_LITERAL_NULL_CONVERSION = YES;
				CLANG_WARN_OBJC_IMPLICIT_RETAIN_SELF = YES;
				CLANG_WARN_OBJC_LITERAL_CONVERSION = YES;
				CLANG_WARN_OBJC_ROOT_CLASS = YES_ERROR;
				CLANG_WARN_QUOTED_INCLUDE_IN_FRAMEWORK_HEADER = YES;
				CLANG_WARN_RANGE_LOOP_ANALYSIS = YES;
				CLANG_WARN_STRICT_PROTOTYPES = YES;
				CLANG_WARN_SUSPICIOUS_MOVE = YES;
				CLANG_WARN_UNGUARDED_AVAILABILITY = YES_AGGRESSIVE;
				CLANG_WARN_UNREACHABLE_CODE = YES;
				CLANG_WARN__DUPLICATE_METHOD_MATCH = YES;
				COPY_PHASE_STRIP = NO;
				DEBUG_INFORMATION_FORMAT = dwarf;
				ENABLE_STRICT_OBJC_MSGSEND = YES;
				ENABLE_TESTABILITY = YES;
				ENABLE_USER_SCRIPT_SANDBOXING = YES;
				GCC_C_LANGUAGE_STANDARD = gnu17;
				GCC_DYNAMIC_NO_PIC = NO;
				GCC_NO_COMMON_BLOCKS = YES;
				GCC_OPTIMIZATION_LEVEL = 0;
				GCC_PREPROCESSOR_DEFINITIONS = (
					"DEBUG=1",
					"$(inherited)",
				);
				GCC_WARN_64_TO_32_BIT_CONVERSION = YES;
				GCC_WARN_ABOUT_RETURN_TYPE = YES_ERROR;
				GCC_WARN_UNDECLARED_SELECTOR = YES;
				GCC_WARN_UNINITIALIZED_AUTOS = YES_AGGRESSIVE;
				GCC_WARN_UNUSED_FUNCTION = YES;
				GCC_WARN_UNUSED_VARIABLE = YES;
				MACOSX_DEPLOYMENT_TARGET = 13.0;
				MTL_ENABLE_DEBUG_INFO = INCLUDE_SOURCE;
				MTL_FAST_MATH = YES;
				ONLY_ACTIVE_ARCH = YES;
				SDKROOT = macosx;
				SWIFT_ACTIVE_COMPILATION_CONDITIONS = "DEBUG $(inherited)";
				SWIFT_OPTIMIZATION_LEVEL = "-Onone";
			};
			name = Debug;
		};
		FE00000000000000000002 /* Release */ = {
			isa = XCBuildConfiguration;
			buildSettings = {
				ALWAYS_SEARCH_USER_PATHS = NO;
				ASSETCATALOG_COMPILER_GENERATE_SWIFT_ASSET_SYMBOL_EXTENSIONS = YES;
				CLANG_ANALYZER_NONNULL = YES;
				CLANG_ANALYZER_NUMBER_OBJECT_CONVERSION = YES_AGGRESSIVE;
				CLANG_CXX_LANGUAGE_STANDARD = "gnu++20";
				CLANG_ENABLE_MODULES = YES;
				CLANG_ENABLE_OBJC_ARC = YES;
				CLANG_ENABLE_OBJC_WEAK = YES;
				CLANG_WARN_BLOCK_CAPTURE_AUTORELEASING = YES;
				CLANG_WARN_BOOL_CONVERSION = YES;
				CLANG_WARN_COMMA = YES;
				CLANG_WARN_CONSTANT_CONVERSION = YES;
				CLANG_WARN_DEPRECATED_OBJC_IMPLEMENTATIONS = YES;
				CLANG_WARN_DIRECT_OBJC_ISA_USAGE = YES_ERROR;
				CLANG_WARN_DOCUMENTATION_COMMENTS = YES;
				CLANG_WARN_EMPTY_BODY = YES;
				CLANG_WARN_ENUM_CONVERSION = YES;
				CLANG_WARN_INFINITE_RECURSION = YES;
				CLANG_WARN_INT_CONVERSION = YES;
				CLANG_WARN_NON_LITERAL_NULL_CONVERSION = YES;
				CLANG_WARN_OBJC_IMPLICIT_RETAIN_SELF = YES;
				CLANG_WARN_OBJC_LITERAL_CONVERSION = YES;
				CLANG_WARN_OBJC_ROOT_CLASS = YES_ERROR;
				CLANG_WARN_QUOTED_INCLUDE_IN_FRAMEWORK_HEADER = YES;
				CLANG_WARN_RANGE_LOOP_ANALYSIS = YES;
				CLANG_WARN_STRICT_PROTOTYPES = YES;
				CLANG_WARN_SUSPICIOUS_MOVE = YES;
				CLANG_WARN_UNGUARDED_AVAILABILITY = YES_AGGRESSIVE;
				CLANG_WARN_UNREACHABLE_CODE = YES;
				CLANG_WARN__DUPLICATE_METHOD_MATCH = YES;
				COPY_PHASE_STRIP = NO;
				DEBUG_INFORMATION_FORMAT = "dwarf-with-dsym";
				ENABLE_NS_ASSERTIONS = NO;
				ENABLE_STRICT_OBJC_MSGSEND = YES;
				ENABLE_USER_SCRIPT_SANDBOXING = YES;
				GCC_C_LANGUAGE_STANDARD = gnu17;
				GCC_NO_COMMON_BLOCKS = YES;
				GCC_WARN_64_TO_32_BIT_CONVERSION = YES;
				GCC_WARN_ABOUT_RETURN_TYPE = YES_ERROR;
				GCC_WARN_UNDECLARED_SELECTOR = YES;
				GCC_WARN_UNINITIALIZED_AUTOS = YES_AGGRESSIVE;
				GCC_WARN_UNUSED_FUNCTION = YES;
				GCC_WARN_UNUSED_VARIABLE = YES;
				MACOSX_DEPLOYMENT_TARGET = 13.0;
				MTL_FAST_MATH = YES;
				SDKROOT = macosx;
				SWIFT_COMPILATION_MODE = wholemodule;
				SWIFT_OPTIMIZATION_LEVEL = "-O";
			};
			name = Release;
		};
		FE00000000000000000003 /* Debug */ = {
			isa = XCBuildConfiguration;
			buildSettings = {
				ASSETCATALOG_COMPILER_APPICON_NAME = AppIcon;
				ASSETCATALOG_COMPILER_GLOBAL_ACCENT_COLOR_NAME = AccentColor;
				CODE_SIGN_ENTITLEMENTS = SSDMonitor/SSDMonitor.entitlements;
				CODE_SIGN_STYLE = Automatic;
				COMBINE_HIDPI_IMAGES = YES;
				CURRENT_PROJECT_VERSION = 1;
				DEVELOPMENT_TEAM = "";
				GENERATE_INFOPLIST_FILE = NO;
				INFOPLIST_FILE = SSDMonitor/Info.plist;
				LD_RUNPATH_SEARCH_PATHS = (
					"$(inherited)",
					"@executable_path/../Frameworks",
				);
				MARKETING_VERSION = 1.0;
				PRODUCT_BUNDLE_IDENTIFIER = com.ssdmonitor.app;
				PRODUCT_NAME = "$(TARGET_NAME)";
				SWIFT_EMIT_LOC_STRINGS = YES;
				SWIFT_OBJC_BRIDGING_HEADER = "SSDMonitor/SSDMonitor-Bridging-Header.h";
				SWIFT_VERSION = 5.0;
				VALID_ARCHS = "arm64 x86_64";
			};
			name = Debug;
		};
		FE00000000000000000004 /* Release */ = {
			isa = XCBuildConfiguration;
			buildSettings = {
				ASSETCATALOG_COMPILER_APPICON_NAME = AppIcon;
				ASSETCATALOG_COMPILER_GLOBAL_ACCENT_COLOR_NAME = AccentColor;
				CODE_SIGN_ENTITLEMENTS = SSDMonitor/SSDMonitor.entitlements;
				CODE_SIGN_STYLE = Automatic;
				COMBINE_HIDPI_IMAGES = YES;
				CURRENT_PROJECT_VERSION = 1;
				DEVELOPMENT_TEAM = "";
				GENERATE_INFOPLIST_FILE = NO;
				INFOPLIST_FILE = SSDMonitor/Info.plist;
				LD_RUNPATH_SEARCH_PATHS = (
					"$(inherited)",
					"@executable_path/../Frameworks",
				);
				MARKETING_VERSION = 1.0;
				PRODUCT_BUNDLE_IDENTIFIER = com.ssdmonitor.app;
				PRODUCT_NAME = "$(TARGET_NAME)";
				SWIFT_EMIT_LOC_STRINGS = YES;
				SWIFT_OBJC_BRIDGING_HEADER = "SSDMonitor/SSDMonitor-Bridging-Header.h";
				SWIFT_VERSION = 5.0;
				VALID_ARCHS = "arm64 x86_64";
			};
			name = Release;
		};
/* End XCBuildConfiguration section */

/* Begin XCConfigurationList section */
		FF00000000000000000001 /* Build configuration list for PBXProject "SSDMonitor" */ = {
			isa = XCConfigurationList;
			buildConfigurations = (
				FE00000000000000000001 /* Debug */,
				FE00000000000000000002 /* Release */,
			);
			defaultConfigurationIsVisible = 0;
			defaultConfigurationName = Release;
		};
		FF00000000000000000002 /* Build configuration list for PBXNativeTarget "SSDMonitor" */ = {
			isa = XCConfigurationList;
			buildConfigurations = (
				FE00000000000000000003 /* Debug */,
				FE00000000000000000004 /* Release */,
			);
			defaultConfigurationIsVisible = 0;
			defaultConfigurationName = Release;
		};
/* End XCConfigurationList section */

	};
	rootObject = AB00000000000000000001 /* Project object */;
}
